<?xml version="1.0" encoding="utf-8"?>
<Project ToolsVersion="4.0" xmlns="http://schemas.microsoft.com/developer/msbuild/2003">
  <ItemGroup>
    <ClCompile Include="MainGame.cpp">
      <Filter>01.MainGame</Filter>
    </ClCompile>
    <ClCompile Include="Obj.cpp">
      <Filter>02.Object</Filter>
    </ClCompile>
    <ClCompile Include="Player.cpp">
      <Filter>02.Object\01.Player</Filter>
    </ClCompile>
    <ClCompile Include="Logo_Back.cpp">
      <Filter>02.Object\03.Map\Logo</Filter>
    </ClCompile>
    <ClCompile Include="Stage1_Back.cpp">
      <Filter>02.Object\03.Map\Stage1</Filter>
    </ClCompile>
    <ClCompile Include="Stage1_Map.cpp">
      <Filter>02.Object\03.Map\Stage1</Filter>
    </ClCompile>
    <ClCompile Include="Logo.cpp">
      <Filter>03.Scene\Logo</Filter>
    </ClCompile>
    <ClCompile Include="Scene.cpp">
      <Filter>03.Scene</Filter>
    </ClCompile>
    <ClCompile Include="Stage1.cpp">
      <Filter>03.Scene\Stage1</Filter>
    </ClCompile>
    <ClCompile Include="BitMap.cpp">
      <Filter>04.Manager\BitMapMgr\BitMap</Filter>
    </ClCompile>
    <ClCompile Include="BitMapMgr.cpp">
      <Filter>04.Manager\BitMapMgr</Filter>
    </ClCompile>
    <ClCompile Include="ObjMgr.cpp">
      <Filter>04.Manager\ObjMgr</Filter>
    </ClCompile>
    <ClCompile Include="KeyMgr.cpp">
      <Filter>04.Manager\KeyMgr</Filter>
    </ClCompile>
    <ClCompile Include="SoundMgr.cpp">
      <Filter>04.Manager\SoundMgr</Filter>
    </ClCompile>
    <ClCompile Include="Mouse.cpp">
      <Filter>04.Manager\MouseMgr</Filter>
    </ClCompile>
    <ClCompile Include="SceneMgr.cpp">
      <Filter>04.Manager\SceneMgr</Filter>
    </ClCompile>
    <ClCompile Include="Client.cpp">
      <Filter>99.Default</Filter>
    </ClCompile>
    <ClCompile Include="stdafx.cpp">
      <Filter>99.Default</Filter>
    </ClCompile>
    <ClCompile Include="Edit.cpp">
      <Filter>03.Scene\Edit</Filter>
    </ClCompile>
    <ClCompile Include="Stage2_Map.cpp">
      <Filter>02.Object\03.Map\Stage2</Filter>
    </ClCompile>
    <ClCompile Include="Stage3_Map.cpp">
      <Filter>02.Object\03.Map\Stage3</Filter>
    </ClCompile>
    <ClCompile Include="BStage_Back.cpp">
      <Filter>02.Object\03.Map\Boss_Stage</Filter>
    </ClCompile>
    <ClCompile Include="BStage_Map.cpp">
      <Filter>02.Object\03.Map\Boss_Stage</Filter>
    </ClCompile>
    <ClCompile Include="LogIn.cpp">
      <Filter>03.Scene\LogIn</Filter>
    </ClCompile>
    <ClCompile Include="LogIn_Back.cpp">
      <Filter>02.Object\03.Map\Login</Filter>
    </ClCompile>
    <ClCompile Include="UI.cpp">
      <Filter>02.Object\04.UI</Filter>
    </ClCompile>
    <ClCompile Include="Status.cpp">
      <Filter>02.Object\04.UI\Status</Filter>
    </ClCompile>
    <ClCompile Include="Inven.cpp">
      <Filter>02.Object\04.UI\Inventory</Filter>
    </ClCompile>
    <ClCompile Include="Equip.cpp">
      <Filter>02.Object\04.UI\Equipment</Filter>
    </ClCompile>
    <ClCompile Include="Skill.cpp">
      <Filter>02.Object\04.UI\Skill</Filter>
    </ClCompile>
    <ClCompile Include="Skill_Input.cpp">
      <Filter>02.Object\04.UI\Skill</Filter>
    </ClCompile>
    <ClCompile Include="Store.cpp">
      <Filter>02.Object\04.UI\Store</Filter>
    </ClCompile>
    <ClCompile Include="Stat.cpp">
      <Filter>02.Object\04.UI\Stat</Filter>
    </ClCompile>
    <ClCompile Include="HpBar.cpp">
      <Filter>02.Object\04.UI\Stat\HpBar</Filter>
    </ClCompile>
    <ClCompile Include="MpBar.cpp">
      <Filter>02.Object\04.UI\Stat\MpBar</Filter>
    </ClCompile>
    <ClCompile Include="ExpBar.cpp">
      <Filter>02.Object\04.UI\Stat\ExpBar</Filter>
    </ClCompile>
  </ItemGroup>
  <ItemGroup>
    <ClInclude Include="MainGame.h">
      <Filter>01.MainGame</Filter>
    </ClInclude>
    <ClInclude Include="Obj.h">
      <Filter>02.Object</Filter>
    </ClInclude>
    <ClInclude Include="Player.h">
      <Filter>02.Object\01.Player</Filter>
    </ClInclude>
    <ClInclude Include="Logo_Back.h">
      <Filter>02.Object\03.Map\Logo</Filter>
    </ClInclude>
    <ClInclude Include="Stage1_Back.h">
      <Filter>02.Object\03.Map\Stage1</Filter>
    </ClInclude>
    <ClInclude Include="Stage1_Map.h">
      <Filter>02.Object\03.Map\Stage1</Filter>
    </ClInclude>
    <ClInclude Include="Logo.h">
      <Filter>03.Scene\Logo</Filter>
    </ClInclude>
    <ClInclude Include="Scene.h">
      <Filter>03.Scene</Filter>
    </ClInclude>
    <ClInclude Include="Stage1.h">
      <Filter>03.Scene\Stage1</Filter>
    </ClInclude>
    <ClInclude Include="BitMap.h">
      <Filter>04.Manager\BitMapMgr\BitMap</Filter>
    </ClInclude>
    <ClInclude Include="BitMapMgr.h">
      <Filter>04.Manager\BitMapMgr</Filter>
    </ClInclude>
    <ClInclude Include="ObjMgr.h">
      <Filter>04.Manager\ObjMgr</Filter>
    </ClInclude>
    <ClInclude Include="KeyMgr.h">
      <Filter>04.Manager\KeyMgr</Filter>
    </ClInclude>
    <ClInclude Include="SoundMgr.h">
      <Filter>04.Manager\SoundMgr</Filter>
    </ClInclude>
    <ClInclude Include="Mouse.h">
      <Filter>04.Manager\MouseMgr</Filter>
    </ClInclude>
    <ClInclude Include="SceneMgr.h">
      <Filter>04.Manager\SceneMgr</Filter>
    </ClInclude>
    <ClInclude Include="Client.h">
      <Filter>99.Default</Filter>
    </ClInclude>
    <ClInclude Include="Resource.h">
      <Filter>99.Default</Filter>
    </ClInclude>
    <ClInclude Include="stdafx.h">
      <Filter>99.Default</Filter>
    </ClInclude>
    <ClInclude Include="targetver.h">
      <Filter>99.Default</Filter>
    </ClInclude>
    <ClInclude Include="Edit.h">
      <Filter>03.Scene\Edit</Filter>
    </ClInclude>
    <ClInclude Include="Stage2_Map.h">
      <Filter>02.Object\03.Map\Stage2</Filter>
    </ClInclude>
    <ClInclude Include="Stage3_Map.h">
      <Filter>02.Object\03.Map\Stage3</Filter>
    </ClInclude>
    <ClInclude Include="BStage_Back.h">
      <Filter>02.Object\03.Map\Boss_Stage</Filter>
    </ClInclude>
    <ClInclude Include="BStage_Map.h">
      <Filter>02.Object\03.Map\Boss_Stage</Filter>
    </ClInclude>
    <ClInclude Include="LogIn.h">
      <Filter>03.Scene\LogIn</Filter>
    </ClInclude>
    <ClInclude Include="LogIn_Back.h">
      <Filter>02.Object\03.Map\Login</Filter>
    </ClInclude>
    <ClInclude Include="UI.h">
      <Filter>02.Object\04.UI</Filter>
    </ClInclude>
    <ClInclude Include="Status.h">
      <Filter>02.Object\04.UI\Status</Filter>
    </ClInclude>
    <ClInclude Include="Inven.h">
      <Filter>02.Object\04.UI\Inventory</Filter>
    </ClInclude>
    <ClInclude Include="Equip.h">
      <Filter>02.Object\04.UI\Equipment</Filter>
    </ClInclude>
    <ClInclude Include="Skill.h">
      <Filter>02.Object\04.UI\Skill</Filter>
    </ClInclude>
    <ClInclude Include="Skill_Input.h">
      <Filter>02.Object\04.UI\Skill</Filter>
    </ClInclude>
    <ClInclude Include="Store.h">
      <Filter>02.Object\04.UI\Store</Filter>
    </ClInclude>
    <ClInclude Include="Stat.h">
      <Filter>02.Object\04.UI\Stat</Filter>
    </ClInclude>
    <ClInclude Include="HpBar.h">
      <Filter>02.Object\04.UI\Stat\HpBar</Filter>
    </ClInclude>
    <ClInclude Include="MpBar.h">
      <Filter>02.Object\04.UI\Stat\MpBar</Filter>
    </ClInclude>
    <ClInclude Include="ExpBar.h">
      <Filter>02.Object\04.UI\Stat\ExpBar</Filter>
    </ClInclude>
  </ItemGroup>
  <ItemGroup>
    <Image Include="Client.ico">
      <Filter>99.Default</Filter>
    </Image>
    <Image Include="small.ico">
      <Filter>99.Default</Filter>
    </Image>
  </ItemGroup>
  <ItemGroup>
    <Filter Include="01.MainGame">
      <UniqueIdentifier>{4359a546-4a30-48e8-8bdd-4e55e977de8c}</UniqueIdentifier>
    </Filter>
    <Filter Include="02.Object">
      <UniqueIdentifier>{77db69c5-630f-43b8-a3aa-df9f4ac99c11}</UniqueIdentifier>
    </Filter>
    <Filter Include="03.Scene">
      <UniqueIdentifier>{d043a77f-71fb-423f-9920-d5e11dd9ec10}</UniqueIdentifier>
    </Filter>
    <Filter Include="04.Manager">
      <UniqueIdentifier>{88aac50a-d472-4942-8743-acf87c8cd83d}</UniqueIdentifier>
    </Filter>
    <Filter Include="99.Default">
      <UniqueIdentifier>{4ed08751-826e-4c03-a88d-db9514f51692}</UniqueIdentifier>
    </Filter>
    <Filter Include="02.Object\01.Player">
      <UniqueIdentifier>{f5d6652a-d7ca-40ad-9f0d-d72c314365a4}</UniqueIdentifier>
    </Filter>
    <Filter Include="02.Object\02.Monster">
      <UniqueIdentifier>{ce65ba9e-47c1-40f4-bc50-baf4816f6c82}</UniqueIdentifier>
    </Filter>
    <Filter Include="02.Object\03.Map">
      <UniqueIdentifier>{975fc4fd-5cca-4573-85f1-bfc76018e11c}</UniqueIdentifier>
    </Filter>
    <Filter Include="03.Scene\Stage1">
      <UniqueIdentifier>{565652c0-9d53-4ce0-bc50-bf4310ddfa6c}</UniqueIdentifier>
    </Filter>
    <Filter Include="03.Scene\Logo">
      <UniqueIdentifier>{57311606-5869-4285-b66f-5e5811054652}</UniqueIdentifier>
    </Filter>
    <Filter Include="02.Object\03.Map\Stage1">
      <UniqueIdentifier>{776a7cb2-4070-4552-8085-32e078212df5}</UniqueIdentifier>
    </Filter>
    <Filter Include="02.Object\03.Map\Logo">
      <UniqueIdentifier>{e179de87-5452-4188-9c09-860d9e690aec}</UniqueIdentifier>
    </Filter>
    <Filter Include="04.Manager\BitMapMgr">
      <UniqueIdentifier>{0dcf7321-363c-413b-9e4e-5198c15a2fd3}</UniqueIdentifier>
    </Filter>
    <Filter Include="04.Manager\BitMapMgr\BitMap">
      <UniqueIdentifier>{284e8619-8639-4fd3-b731-e9560782ea92}</UniqueIdentifier>
    </Filter>
    <Filter Include="04.Manager\ObjMgr">
      <UniqueIdentifier>{048b4564-263a-49d8-8fb9-ebb603cefc49}</UniqueIdentifier>
    </Filter>
    <Filter Include="04.Manager\KeyMgr">
      <UniqueIdentifier>{c1f7f934-f228-49ba-8466-6208168a889e}</UniqueIdentifier>
    </Filter>
    <Filter Include="04.Manager\SoundMgr">
      <UniqueIdentifier>{4ee30977-2090-46da-a4b6-b67cec240d36}</UniqueIdentifier>
    </Filter>
    <Filter Include="04.Manager\MouseMgr">
      <UniqueIdentifier>{58d233b9-6d51-4ebe-abfc-f8939ac5d8a2}</UniqueIdentifier>
    </Filter>
    <Filter Include="04.Manager\SceneMgr">
      <UniqueIdentifier>{488f3a59-1d1e-4910-a219-e0f52aefd303}</UniqueIdentifier>
    </Filter>
    <Filter Include="03.Scene\Edit">
      <UniqueIdentifier>{43f830f5-b75e-409b-bdf6-92c978457a5a}</UniqueIdentifier>
    </Filter>
    <Filter Include="02.Object\03.Map\Stage2">
      <UniqueIdentifier>{3fdc5919-5656-4ce2-abc0-f3e533735a86}</UniqueIdentifier>
    </Filter>
    <Filter Include="02.Object\03.Map\Stage3">
      <UniqueIdentifier>{ffd6d085-c03e-4440-ac77-80ae5b838376}</UniqueIdentifier>
    </Filter>
    <Filter Include="02.Object\03.Map\Boss_Stage">
      <UniqueIdentifier>{aeea727b-6bd8-4de4-9240-b29478ca3bff}</UniqueIdentifier>
    </Filter>
    <Filter Include="03.Scene\LogIn">
      <UniqueIdentifier>{5f4fe65e-4794-45be-bdd8-f5fc9b0e6cfa}</UniqueIdentifier>
    </Filter>
    <Filter Include="02.Object\03.Map\Login">
      <UniqueIdentifier>{bc7aa66c-666c-4614-9aa3-322470e4eba0}</UniqueIdentifier>
    </Filter>
    <Filter Include="02.Object\04.UI">
      <UniqueIdentifier>{92480e87-e262-4667-b1bd-6202604d09bc}</UniqueIdentifier>
    </Filter>
    <Filter Include="02.Object\04.UI\Status">
      <UniqueIdentifier>{b56230dc-067a-4e4d-9bac-95321dcbfbd7}</UniqueIdentifier>
    </Filter>
    <Filter Include="02.Object\04.UI\Stat">
      <UniqueIdentifier>{7b78fec7-904d-44af-b893-929445b2bdbe}</UniqueIdentifier>
    </Filter>
    <Filter Include="02.Object\04.UI\Inventory">
      <UniqueIdentifier>{ec1d1fe9-25c3-4597-b41c-4331a318d0fa}</UniqueIdentifier>
    </Filter>
    <Filter Include="02.Object\04.UI\Equipment">
      <UniqueIdentifier>{5765d3ab-04e6-4135-89aa-07ff1192e8d3}</UniqueIdentifier>
    </Filter>
    <Filter Include="02.Object\04.UI\Store">
      <UniqueIdentifier>{5b0627eb-3cd8-4bbd-8fb2-6e0a5feb7a17}</UniqueIdentifier>
    </Filter>
    <Filter Include="02.Object\04.UI\Skill">
      <UniqueIdentifier>{cfddd690-f938-46c9-80ca-39639bbd7bbe}</UniqueIdentifier>
    </Filter>
    <Filter Include="02.Object\04.UI\Stat\HpBar">
      <UniqueIdentifier>{47e83f96-c0f8-44e1-9c1d-4a59379c9391}</UniqueIdentifier>
    </Filter>
    <Filter Include="02.Object\04.UI\Stat\MpBar">
      <UniqueIdentifier>{8a13a394-ef3e-4227-9dda-750e9bdd24dd}</UniqueIdentifier>
    </Filter>
    <Filter Include="02.Object\04.UI\Stat\ExpBar">
      <UniqueIdentifier>{ce9c7c76-fa66-4e27-b5df-fda54bdebdfb}</UniqueIdentifier>
    </Filter>
  </ItemGroup>
  <ItemGroup>
    <ResourceCompile Include="Client.rc">
      <Filter>99.Default</Filter>
    </ResourceCompile>
  </ItemGroup>
  <ItemGroup>
    <Text Include="ReadMe.txt">
      <Filter>99.Default</Filter>
    </Text>
  </ItemGroup>
</Project>